
Microsoft Visual Studio Solution File, Format Version 12.00
# Visual Studio Version 16
VisualStudioVersion = 16.0.30011.22
MinimumVisualStudioVersion = 10.0.40219.1
Project("{FAE04EC0-301F-11D3-BF4B-00C04F79EFBC}") = "Linq", "Linq\Linq.csproj", "{F7B702AC-95D5-469D-BB02-0CCB3019854E}"
EndProject
Global
	GlobalSection(SolutionConfigurationPlatforms) = preSolution
		Debug|Any CPU = Debug|Any CPU
		Release|Any CPU = Release|Any CPU
	EndGlobalSection
	GlobalSection(ProjectConfigurationPlatforms) = postSolution
		{F7B702AC-95D5-469D-BB02-0CCB3019854E}.Debug|Any CPU.ActiveCfg = Debug|Any CPU
		{F7B702AC-95D5-469D-BB02-0CCB3019854E}.Debug|Any CPU.Build.0 = Debug|Any CPU
		{F7B702AC-95D5-469D-BB02-0CCB3019854E}.Release|Any CPU.ActiveCfg = Release|Any CPU
		{F7B702AC-95D5-469D-BB02-0CCB3019854E}.Release|Any CPU.Build.0 = Release|Any CPU
	EndGlobalSection
	GlobalSection(SolutionProperties) = preSolution
		HideSolutionNode = FALSE
	EndGlobalSection
	GlobalSection(ExtensibilityGlobals) = postSolution
		SolutionGuid = {FAFADB7B-B237-4D73-8D07-8634F4601967}
	EndGlobalSection
EndGlobal
